
Microsoft Visual Studio Solution File, Format Version 12.00
# Visual Studio Version 16
VisualStudioVersion = 16.0.29613.14
MinimumVisualStudioVersion = 10.0.40219.1
Project("{FAE04EC0-301F-11D3-BF4B-00C04F79EFBC}") = "iHelpp", "iHelpp\iHelpp.csproj", "{C935160A-6E1A-4886-8703-9B11C431DEF4}"
EndProject
Global
	GlobalSection(SolutionConfigurationPlatforms) = preSolution
		Debug|Any CPU = Debug|Any CPU
		Release|Any CPU = Release|Any CPU
	EndGlobalSection
	GlobalSection(ProjectConfigurationPlatforms) = postSolution
		{C935160A-6E1A-4886-8703-9B11C431DEF4}.Debug|Any CPU.ActiveCfg = Debug|Any CPU
		{C935160A-6E1A-4886-8703-9B11C431DEF4}.Debug|Any CPU.Build.0 = Debug|Any CPU
		{C935160A-6E1A-4886-8703-9B11C431DEF4}.Release|Any CPU.ActiveCfg = Release|Any CPU
		{C935160A-6E1A-4886-8703-9B11C431DEF4}.Release|Any CPU.Build.0 = Release|Any CPU
	EndGlobalSection
	GlobalSection(SolutionProperties) = preSolution
		HideSolutionNode = FALSE
	EndGlobalSection
	GlobalSection(ExtensibilityGlobals) = postSolution
		SolutionGuid = {99386D53-1062-4D17-B0BD-B93A7023023A}
	EndGlobalSection
EndGlobal
